
Microsoft Visual Studio Solution File, Format Version 12.00
# Visual Studio 15
VisualStudioVersion = 15.0.28307.705
MinimumVisualStudioVersion = 10.0.40219.1
Project("{9A19103F-16F7-4668-BE54-9A1E7A4F7556}") = "SampleNetCoreAPI", "SampleNetCoreAPI\SampleNetCoreAPI.csproj", "{916369DD-F39F-4211-A729-D1120D3BC984}"
EndProject
Project("{9A19103F-16F7-4668-BE54-9A1E7A4F7556}") = "BusinessAccess", "BusinessAccess\BusinessAccess.csproj", "{346289AA-2D8E-4410-854F-A553086E96DD}"
EndProject
Project("{9A19103F-16F7-4668-BE54-9A1E7A4F7556}") = "DataAccess", "DataAccess\DataAccess.csproj", "{429E86FD-08BA-4D02-89C6-5F223C91CD84}"
EndProject
Project("{FAE04EC0-301F-11D3-BF4B-00C04F79EFBC}") = "Common", "Common\Common.csproj", "{C5035F9A-60AC-4C21-96DF-FD25481CE6D9}"
EndProject
Project("{FAE04EC0-301F-11D3-BF4B-00C04F79EFBC}") = "Security", "Security\Security.csproj", "{70AE9C43-742D-4751-BA24-A935D9089A8D}"
EndProject
Project("{FAE04EC0-301F-11D3-BF4B-00C04F79EFBC}") = "JWT", "JWT\JWT.csproj", "{42DF123C-1B3E-4AF6-A479-E6CE0079F014}"
EndProject
Global
	GlobalSection(SolutionConfigurationPlatforms) = preSolution
		Debug|Any CPU = Debug|Any CPU
		Release|Any CPU = Release|Any CPU
	EndGlobalSection
	GlobalSection(ProjectConfigurationPlatforms) = postSolution
		{916369DD-F39F-4211-A729-D1120D3BC984}.Debug|Any CPU.ActiveCfg = Debug|Any CPU
		{916369DD-F39F-4211-A729-D1120D3BC984}.Debug|Any CPU.Build.0 = Debug|Any CPU
		{916369DD-F39F-4211-A729-D1120D3BC984}.Release|Any CPU.ActiveCfg = Release|Any CPU
		{916369DD-F39F-4211-A729-D1120D3BC984}.Release|Any CPU.Build.0 = Release|Any CPU
		{346289AA-2D8E-4410-854F-A553086E96DD}.Debug|Any CPU.ActiveCfg = Debug|Any CPU
		{346289AA-2D8E-4410-854F-A553086E96DD}.Debug|Any CPU.Build.0 = Debug|Any CPU
		{346289AA-2D8E-4410-854F-A553086E96DD}.Release|Any CPU.ActiveCfg = Release|Any CPU
		{346289AA-2D8E-4410-854F-A553086E96DD}.Release|Any CPU.Build.0 = Release|Any CPU
		{429E86FD-08BA-4D02-89C6-5F223C91CD84}.Debug|Any CPU.ActiveCfg = Debug|Any CPU
		{429E86FD-08BA-4D02-89C6-5F223C91CD84}.Debug|Any CPU.Build.0 = Debug|Any CPU
		{429E86FD-08BA-4D02-89C6-5F223C91CD84}.Release|Any CPU.ActiveCfg = Release|Any CPU
		{429E86FD-08BA-4D02-89C6-5F223C91CD84}.Release|Any CPU.Build.0 = Release|Any CPU
		{C5035F9A-60AC-4C21-96DF-FD25481CE6D9}.Debug|Any CPU.ActiveCfg = Debug|Any CPU
		{C5035F9A-60AC-4C21-96DF-FD25481CE6D9}.Debug|Any CPU.Build.0 = Debug|Any CPU
		{C5035F9A-60AC-4C21-96DF-FD25481CE6D9}.Release|Any CPU.ActiveCfg = Release|Any CPU
		{C5035F9A-60AC-4C21-96DF-FD25481CE6D9}.Release|Any CPU.Build.0 = Release|Any CPU
		{70AE9C43-742D-4751-BA24-A935D9089A8D}.Debug|Any CPU.ActiveCfg = Debug|Any CPU
		{70AE9C43-742D-4751-BA24-A935D9089A8D}.Debug|Any CPU.Build.0 = Debug|Any CPU
		{70AE9C43-742D-4751-BA24-A935D9089A8D}.Release|Any CPU.ActiveCfg = Release|Any CPU
		{70AE9C43-742D-4751-BA24-A935D9089A8D}.Release|Any CPU.Build.0 = Release|Any CPU
		{42DF123C-1B3E-4AF6-A479-E6CE0079F014}.Debug|Any CPU.ActiveCfg = Debug|Any CPU
		{42DF123C-1B3E-4AF6-A479-E6CE0079F014}.Debug|Any CPU.Build.0 = Debug|Any CPU
		{42DF123C-1B3E-4AF6-A479-E6CE0079F014}.Release|Any CPU.ActiveCfg = Release|Any CPU
		{42DF123C-1B3E-4AF6-A479-E6CE0079F014}.Release|Any CPU.Build.0 = Release|Any CPU
	EndGlobalSection
	GlobalSection(SolutionProperties) = preSolution
		HideSolutionNode = FALSE
	EndGlobalSection
	GlobalSection(ExtensibilityGlobals) = postSolution
		SolutionGuid = {45D8BA27-C9EE-44A9-891A-4B857BB688E0}
	EndGlobalSection
EndGlobal
